
Microsoft Visual Studio Solution File, Format Version 12.00
# Visual Studio Version 17
VisualStudioVersion = 17.6.33815.320
MinimumVisualStudioVersion = 10.0.40219.1
Project("{9A19103F-16F7-4668-BE54-9A1E7A4F7556}") = "Szorzótábla", "Szorzótábla\Szorzótábla.csproj", "{CE2D2AA4-CA19-4212-A243-91719B390C35}"
EndProject
Project("{9A19103F-16F7-4668-BE54-9A1E7A4F7556}") = "Fibonacci", "Fibonacci\Fibonacci.csproj", "{0A719C75-B96E-434A-B518-C52D1B15527B}"
EndProject
Project("{9A19103F-16F7-4668-BE54-9A1E7A4F7556}") = "3. hét", "3. hét\3. hét.csproj", "{A499663B-B6C3-4172-8FD7-CBBA569D4074}"
EndProject
Project("{9A19103F-16F7-4668-BE54-9A1E7A4F7556}") = "Kamatos", "..\..\..\..\Downloads\Kamat\Kamatos\Kamatos.csproj", "{E491AA08-BCED-4620-95C9-07C04D2F1E1E}"
EndProject
Project("{9A19103F-16F7-4668-BE54-9A1E7A4F7556}") = "Checklist4", "Checklist4\Checklist4.csproj", "{450CF89D-B17F-46F6-8DB4-495A2AF95DAA}"
EndProject
Project("{9A19103F-16F7-4668-BE54-9A1E7A4F7556}") = "Trivia", "Trivia\Trivia.csproj", "{E0433651-8F61-489A-93FC-A4D753DEB150}"
EndProject
Project("{2150E333-8FDC-42A3-9474-1A3956D46DE8}") = "5.hét", "5.hét", "{A44E1695-1ECF-4C94-A697-EA086A74E30A}"
EndProject
Project("{9A19103F-16F7-4668-BE54-9A1E7A4F7556}") = "Hajós kvíz", "Hajós kvíz\Hajós kvíz.csproj", "{C374EB30-B38D-4F9F-A7FA-0280598C181C}"
EndProject
Project("{2150E333-8FDC-42A3-9474-1A3956D46DE8}") = "6. hét", "6. hét", "{2625743F-EBE0-4B0F-9EAA-689AEAF7A8B9}"
EndProject
Project("{9A19103F-16F7-4668-BE54-9A1E7A4F7556}") = "Snekk", "Snekk\Snekk.csproj", "{80F0BBAA-B94C-43B0-823A-0CF213E04E34}"
EndProject
Project("{2150E333-8FDC-42A3-9474-1A3956D46DE8}") = "7.hét", "7.hét", "{0B3B4C2C-D988-4644-8394-20FD8A99BCE3}"
EndProject
Project("{9A19103F-16F7-4668-BE54-9A1E7A4F7556}") = "7 előadás", "7 előadás\7 előadás.csproj", "{5ECADDE1-6EBC-4192-80D8-C643C85CBE3E}"
EndProject
Project("{9A19103F-16F7-4668-BE54-9A1E7A4F7556}") = "7 gyak", "7 gyak\7 gyak.csproj", "{13AF36B3-ABF2-4E47-9C79-A0182662B29D}"
EndProject
Project("{2150E333-8FDC-42A3-9474-1A3956D46DE8}") = "8.hét", "8.hét", "{A10FE9BF-8B52-4A4D-BC5F-717EBDC1FB56}"
EndProject
Project("{9A19103F-16F7-4668-BE54-9A1E7A4F7556}") = "Elm", "Elm\Elm.csproj", "{CA2D5C0B-9CAF-47BD-85E9-0CFF6225FAAD}"
EndProject
Project("{2150E333-8FDC-42A3-9474-1A3956D46DE8}") = "1-4.hét", "1-4.hét", "{35EC39F5-9130-4109-BA94-5E7F188516D6}"
EndProject
Project("{9A19103F-16F7-4668-BE54-9A1E7A4F7556}") = "Hajózás", "Hajózás\Hajózás.csproj", "{16E327A4-4F01-4EDC-864F-50F00FB320C4}"
EndProject
Project("{9A19103F-16F7-4668-BE54-9A1E7A4F7556}") = "9.gyak", "9.gyak\9.gyak\9.gyak\9.gyak.csproj", "{8AA441E6-2AC8-45F9-A14D-C16CEDC9EF12}"
EndProject
Project("{9A19103F-16F7-4668-BE54-9A1E7A4F7556}") = "Csillagok", "..\Csillagok\Csillagok\Csillagok.csproj", "{3341417A-C6DE-4DC0-914F-8998DDD9E612}"
EndProject
Project("{2150E333-8FDC-42A3-9474-1A3956D46DE8}") = "10. hét", "10. hét", "{D63072B5-2086-4418-880F-2AB8C8BA0C0C}"
EndProject
Global
	GlobalSection(SolutionConfigurationPlatforms) = preSolution
		Debug|Any CPU = Debug|Any CPU
		Release|Any CPU = Release|Any CPU
	EndGlobalSection
	GlobalSection(ProjectConfigurationPlatforms) = postSolution
		{CE2D2AA4-CA19-4212-A243-91719B390C35}.Debug|Any CPU.ActiveCfg = Debug|Any CPU
		{CE2D2AA4-CA19-4212-A243-91719B390C35}.Debug|Any CPU.Build.0 = Debug|Any CPU
		{CE2D2AA4-CA19-4212-A243-91719B390C35}.Release|Any CPU.ActiveCfg = Release|Any CPU
		{CE2D2AA4-CA19-4212-A243-91719B390C35}.Release|Any CPU.Build.0 = Release|Any CPU
		{0A719C75-B96E-434A-B518-C52D1B15527B}.Debug|Any CPU.ActiveCfg = Debug|Any CPU
		{0A719C75-B96E-434A-B518-C52D1B15527B}.Debug|Any CPU.Build.0 = Debug|Any CPU
		{0A719C75-B96E-434A-B518-C52D1B15527B}.Release|Any CPU.ActiveCfg = Release|Any CPU
		{0A719C75-B96E-434A-B518-C52D1B15527B}.Release|Any CPU.Build.0 = Release|Any CPU
		{A499663B-B6C3-4172-8FD7-CBBA569D4074}.Debug|Any CPU.ActiveCfg = Debug|Any CPU
		{A499663B-B6C3-4172-8FD7-CBBA569D4074}.Debug|Any CPU.Build.0 = Debug|Any CPU
		{A499663B-B6C3-4172-8FD7-CBBA569D4074}.Release|Any CPU.ActiveCfg = Release|Any CPU
		{A499663B-B6C3-4172-8FD7-CBBA569D4074}.Release|Any CPU.Build.0 = Release|Any CPU
		{E491AA08-BCED-4620-95C9-07C04D2F1E1E}.Debug|Any CPU.ActiveCfg = Debug|Any CPU
		{E491AA08-BCED-4620-95C9-07C04D2F1E1E}.Debug|Any CPU.Build.0 = Debug|Any CPU
		{E491AA08-BCED-4620-95C9-07C04D2F1E1E}.Release|Any CPU.ActiveCfg = Release|Any CPU
		{E491AA08-BCED-4620-95C9-07C04D2F1E1E}.Release|Any CPU.Build.0 = Release|Any CPU
		{450CF89D-B17F-46F6-8DB4-495A2AF95DAA}.Debug|Any CPU.ActiveCfg = Debug|Any CPU
		{450CF89D-B17F-46F6-8DB4-495A2AF95DAA}.Debug|Any CPU.Build.0 = Debug|Any CPU
		{450CF89D-B17F-46F6-8DB4-495A2AF95DAA}.Release|Any CPU.ActiveCfg = Release|Any CPU
		{450CF89D-B17F-46F6-8DB4-495A2AF95DAA}.Release|Any CPU.Build.0 = Release|Any CPU
		{E0433651-8F61-489A-93FC-A4D753DEB150}.Debug|Any CPU.ActiveCfg = Debug|Any CPU
		{E0433651-8F61-489A-93FC-A4D753DEB150}.Debug|Any CPU.Build.0 = Debug|Any CPU
		{E0433651-8F61-489A-93FC-A4D753DEB150}.Release|Any CPU.ActiveCfg = Release|Any CPU
		{E0433651-8F61-489A-93FC-A4D753DEB150}.Release|Any CPU.Build.0 = Release|Any CPU
		{C374EB30-B38D-4F9F-A7FA-0280598C181C}.Debug|Any CPU.ActiveCfg = Debug|Any CPU
		{C374EB30-B38D-4F9F-A7FA-0280598C181C}.Debug|Any CPU.Build.0 = Debug|Any CPU
		{C374EB30-B38D-4F9F-A7FA-0280598C181C}.Release|Any CPU.ActiveCfg = Release|Any CPU
		{C374EB30-B38D-4F9F-A7FA-0280598C181C}.Release|Any CPU.Build.0 = Release|Any CPU
		{80F0BBAA-B94C-43B0-823A-0CF213E04E34}.Debug|Any CPU.ActiveCfg = Debug|Any CPU
		{80F0BBAA-B94C-43B0-823A-0CF213E04E34}.Debug|Any CPU.Build.0 = Debug|Any CPU
		{80F0BBAA-B94C-43B0-823A-0CF213E04E34}.Release|Any CPU.ActiveCfg = Release|Any CPU
		{80F0BBAA-B94C-43B0-823A-0CF213E04E34}.Release|Any CPU.Build.0 = Release|Any CPU
		{5ECADDE1-6EBC-4192-80D8-C643C85CBE3E}.Debug|Any CPU.ActiveCfg = Debug|Any CPU
		{5ECADDE1-6EBC-4192-80D8-C643C85CBE3E}.Debug|Any CPU.Build.0 = Debug|Any CPU
		{5ECADDE1-6EBC-4192-80D8-C643C85CBE3E}.Release|Any CPU.ActiveCfg = Release|Any CPU
		{5ECADDE1-6EBC-4192-80D8-C643C85CBE3E}.Release|Any CPU.Build.0 = Release|Any CPU
		{13AF36B3-ABF2-4E47-9C79-A0182662B29D}.Debug|Any CPU.ActiveCfg = Debug|Any CPU
		{13AF36B3-ABF2-4E47-9C79-A0182662B29D}.Debug|Any CPU.Build.0 = Debug|Any CPU
		{13AF36B3-ABF2-4E47-9C79-A0182662B29D}.Release|Any CPU.ActiveCfg = Release|Any CPU
		{13AF36B3-ABF2-4E47-9C79-A0182662B29D}.Release|Any CPU.Build.0 = Release|Any CPU
		{CA2D5C0B-9CAF-47BD-85E9-0CFF6225FAAD}.Debug|Any CPU.ActiveCfg = Debug|Any CPU
		{CA2D5C0B-9CAF-47BD-85E9-0CFF6225FAAD}.Debug|Any CPU.Build.0 = Debug|Any CPU
		{CA2D5C0B-9CAF-47BD-85E9-0CFF6225FAAD}.Release|Any CPU.ActiveCfg = Release|Any CPU
		{CA2D5C0B-9CAF-47BD-85E9-0CFF6225FAAD}.Release|Any CPU.Build.0 = Release|Any CPU
		{16E327A4-4F01-4EDC-864F-50F00FB320C4}.Debug|Any CPU.ActiveCfg = Debug|Any CPU
		{16E327A4-4F01-4EDC-864F-50F00FB320C4}.Debug|Any CPU.Build.0 = Debug|Any CPU
		{16E327A4-4F01-4EDC-864F-50F00FB320C4}.Release|Any CPU.ActiveCfg = Release|Any CPU
		{16E327A4-4F01-4EDC-864F-50F00FB320C4}.Release|Any CPU.Build.0 = Release|Any CPU
		{8AA441E6-2AC8-45F9-A14D-C16CEDC9EF12}.Debug|Any CPU.ActiveCfg = Debug|Any CPU
		{8AA441E6-2AC8-45F9-A14D-C16CEDC9EF12}.Debug|Any CPU.Build.0 = Debug|Any CPU
		{8AA441E6-2AC8-45F9-A14D-C16CEDC9EF12}.Release|Any CPU.ActiveCfg = Release|Any CPU
		{8AA441E6-2AC8-45F9-A14D-C16CEDC9EF12}.Release|Any CPU.Build.0 = Release|Any CPU
		{3341417A-C6DE-4DC0-914F-8998DDD9E612}.Debug|Any CPU.ActiveCfg = Debug|Any CPU
		{3341417A-C6DE-4DC0-914F-8998DDD9E612}.Debug|Any CPU.Build.0 = Debug|Any CPU
		{3341417A-C6DE-4DC0-914F-8998DDD9E612}.Release|Any CPU.ActiveCfg = Release|Any CPU
		{3341417A-C6DE-4DC0-914F-8998DDD9E612}.Release|Any CPU.Build.0 = Release|Any CPU
	EndGlobalSection
	GlobalSection(SolutionProperties) = preSolution
		HideSolutionNode = FALSE
	EndGlobalSection
	GlobalSection(NestedProjects) = preSolution
		{CE2D2AA4-CA19-4212-A243-91719B390C35} = {35EC39F5-9130-4109-BA94-5E7F188516D6}
		{0A719C75-B96E-434A-B518-C52D1B15527B} = {35EC39F5-9130-4109-BA94-5E7F188516D6}
		{A499663B-B6C3-4172-8FD7-CBBA569D4074} = {35EC39F5-9130-4109-BA94-5E7F188516D6}
		{E491AA08-BCED-4620-95C9-07C04D2F1E1E} = {35EC39F5-9130-4109-BA94-5E7F188516D6}
		{450CF89D-B17F-46F6-8DB4-495A2AF95DAA} = {35EC39F5-9130-4109-BA94-5E7F188516D6}
		{E0433651-8F61-489A-93FC-A4D753DEB150} = {A44E1695-1ECF-4C94-A697-EA086A74E30A}
		{C374EB30-B38D-4F9F-A7FA-0280598C181C} = {A44E1695-1ECF-4C94-A697-EA086A74E30A}
		{80F0BBAA-B94C-43B0-823A-0CF213E04E34} = {2625743F-EBE0-4B0F-9EAA-689AEAF7A8B9}
		{5ECADDE1-6EBC-4192-80D8-C643C85CBE3E} = {0B3B4C2C-D988-4644-8394-20FD8A99BCE3}
		{13AF36B3-ABF2-4E47-9C79-A0182662B29D} = {0B3B4C2C-D988-4644-8394-20FD8A99BCE3}
		{CA2D5C0B-9CAF-47BD-85E9-0CFF6225FAAD} = {A10FE9BF-8B52-4A4D-BC5F-717EBDC1FB56}
		{16E327A4-4F01-4EDC-864F-50F00FB320C4} = {A10FE9BF-8B52-4A4D-BC5F-717EBDC1FB56}
		{3341417A-C6DE-4DC0-914F-8998DDD9E612} = {D63072B5-2086-4418-880F-2AB8C8BA0C0C}
	EndGlobalSection
	GlobalSection(ExtensibilityGlobals) = postSolution
		SolutionGuid = {8022BD02-B5F7-4F11-BA91-797012414F62}
	EndGlobalSection
EndGlobal
